// !$*UTF8*$!
{
	archiveVersion = 1;
	classes = {
	};
	objectVersion = 48;
	objects = {

/* Begin PBXBuildFile section */
		B306FD11209C8342002CECA8 /* CoreLocation.framework in Frameworks */ = {isa = PBXBuildFile; fileRef = B306FD10209C8342002CECA8 /* CoreLocation.framework */; };
		B35CFBE52094A87B009C3D6C /* AppDelegate.swift in Sources */ = {isa = PBXBuildFile; fileRef = B35CFBE42094A87B009C3D6C /* AppDelegate.swift */; };
		B35CFBE72094A87B009C3D6C /* ViewController.swift in Sources */ = {isa = PBXBuildFile; fileRef = B35CFBE62094A87B009C3D6C /* ViewController.swift */; };
		B35CFBEA2094A87B009C3D6C /* Main.storyboard in Resources */ = {isa = PBXBuildFile; fileRef = B35CFBE82094A87B009C3D6C /* Main.storyboard */; };
		B35CFBEC2094A87B009C3D6C /* Assets.xcassets in Resources */ = {isa = PBXBuildFile; fileRef = B35CFBEB2094A87B009C3D6C /* Assets.xcassets */; };
		B35CFBEF2094A87B009C3D6C /* LaunchScreen.storyboard in Resources */ = {isa = PBXBuildFile; fileRef = B35CFBED2094A87B009C3D6C /* LaunchScreen.storyboard */; };
		B35CFBF72094A8B2009C3D6C /* cities.json in Resources */ = {isa = PBXBuildFile; fileRef = B35CFBF62094A8B2009C3D6C /* cities.json */; };
		B35CFC192094B339009C3D6C /* locationTableViewCell.swift in Sources */ = {isa = PBXBuildFile; fileRef = B35CFC182094B339009C3D6C /* locationTableViewCell.swift */; };
		B35CFC1E2094BEFE009C3D6C /* avenirnext-bold.ttf in Resources */ = {isa = PBXBuildFile; fileRef = B35CFC1C2094BEFE009C3D6C /* avenirnext-bold.ttf */; };
		B35CFC1F2094BEFE009C3D6C /* avenirnext-medium.ttf in Resources */ = {isa = PBXBuildFile; fileRef = B35CFC1D2094BEFE009C3D6C /* avenirnext-medium.ttf */; };
		B35CFC212095FA10009C3D6C /* DetailViewController.swift in Sources */ = {isa = PBXBuildFile; fileRef = B35CFC202095FA10009C3D6C /* DetailViewController.swift */; };
		B3A34E4E20A3389B000DB656 /* MapViewController.swift in Sources */ = {isa = PBXBuildFile; fileRef = B3A34E4D20A3389B000DB656 /* MapViewController.swift */; };
/* End PBXBuildFile section */

/* Begin PBXFileReference section */
		B306FD10209C8342002CECA8 /* CoreLocation.framework */ = {isa = PBXFileReference; lastKnownFileType = wrapper.framework; name = CoreLocation.framework; path = System/Library/Frameworks/CoreLocation.framework; sourceTree = SDKROOT; };
		B35CFBE12094A87B009C3D6C /* Serenity3.app */ = {isa = PBXFileReference; explicitFileType = wrapper.application; includeInIndex = 0; path = Serenity3.app; sourceTree = BUILT_PRODUCTS_DIR; };
		B35CFBE42094A87B009C3D6C /* AppDelegate.swift */ = {isa = PBXFileReference; lastKnownFileType = sourcecode.swift; path = AppDelegate.swift; sourceTree = "<group>"; };
		B35CFBE62094A87B009C3D6C /* ViewController.swift */ = {isa = PBXFileReference; lastKnownFileType = sourcecode.swift; path = ViewController.swift; sourceTree = "<group>"; };
		B35CFBE92094A87B009C3D6C /* Base */ = {isa = PBXFileReference; lastKnownFileType = file.storyboard; name = Base; path = Base.lproj/Main.storyboard; sourceTree = "<group>"; };
		B35CFBEB2094A87B009C3D6C /* Assets.xcassets */ = {isa = PBXFileReference; lastKnownFileType = folder.assetcatalog; path = Assets.xcassets; sourceTree = "<group>"; };
		B35CFBEE2094A87B009C3D6C /* Base */ = {isa = PBXFileReference; lastKnownFileType = file.storyboard; name = Base; path = Base.lproj/LaunchScreen.storyboard; sourceTree = "<group>"; };
		B35CFBF02094A87B009C3D6C /* Info.plist */ = {isa = PBXFileReference; lastKnownFileType = text.plist.xml; path = Info.plist; sourceTree = "<group>"; };
		B35CFBF62094A8B2009C3D6C /* cities.json */ = {isa = PBXFileReference; fileEncoding = 4; lastKnownFileType = text.json; path = cities.json; sourceTree = "<group>"; };
		B35CFC182094B339009C3D6C /* locationTableViewCell.swift */ = {isa = PBXFileReference; lastKnownFileType = sourcecode.swift; path = locationTableViewCell.swift; sourceTree = "<group>"; };
		B35CFC1C2094BEFE009C3D6C /* avenirnext-bold.ttf */ = {isa = PBXFileReference; lastKnownFileType = file; path = "avenirnext-bold.ttf"; sourceTree = "<group>"; };
		B35CFC1D2094BEFE009C3D6C /* avenirnext-medium.ttf */ = {isa = PBXFileReference; lastKnownFileType = file; path = "avenirnext-medium.ttf"; sourceTree = "<group>"; };
		B35CFC202095FA10009C3D6C /* DetailViewController.swift */ = {isa = PBXFileReference; lastKnownFileType = sourcecode.swift; path = DetailViewController.swift; sourceTree = "<group>"; };
		B3A34E4D20A3389B000DB656 /* MapViewController.swift */ = {isa = PBXFileReference; lastKnownFileType = sourcecode.swift; path = MapViewController.swift; sourceTree = "<group>"; };
/* End PBXFileReference section */

/* Begin PBXFrameworksBuildPhase section */
		B35CFBDE2094A87B009C3D6C /* Frameworks */ = {
			isa = PBXFrameworksBuildPhase;
			buildActionMask = 2147483647;
			files = (
				B306FD11209C8342002CECA8 /* CoreLocation.framework in Frameworks */,
			);
			runOnlyForDeploymentPostprocessing = 0;
		};
/* End PBXFrameworksBuildPhase section */

/* Begin PBXGroup section */
		B306FD0F209C8342002CECA8 /* Frameworks */ = {
			isa = PBXGroup;
			children = (
				B306FD10209C8342002CECA8 /* CoreLocation.framework */,
			);
			name = Frameworks;
			sourceTree = "<group>";
		};
		B35CFBD82094A87B009C3D6C = {
			isa = PBXGroup;
			children = (
				B35CFBE32094A87B009C3D6C /* Serenity3 */,
				B35CFBE22094A87B009C3D6C /* Products */,
				B35CFBF62094A8B2009C3D6C /* cities.json */,
				B306FD0F209C8342002CECA8 /* Frameworks */,
			);
			sourceTree = "<group>";
		};
		B35CFBE22094A87B009C3D6C /* Products */ = {
			isa = PBXGroup;
			children = (
				B35CFBE12094A87B009C3D6C /* Serenity3.app */,
			);
			name = Products;
			sourceTree = "<group>";
		};
		B35CFBE32094A87B009C3D6C /* Serenity3 */ = {
			isa = PBXGroup;
			children = (
				B35CFC1B2094BEEC009C3D6C /* fonts */,
				B35CFBE42094A87B009C3D6C /* AppDelegate.swift */,
				B35CFBE62094A87B009C3D6C /* ViewController.swift */,
				B35CFBE82094A87B009C3D6C /* Main.storyboard */,
				B3A34E4D20A3389B000DB656 /* MapViewController.swift */,
				B35CFC202095FA10009C3D6C /* DetailViewController.swift */,
				B35CFC182094B339009C3D6C /* locationTableViewCell.swift */,
				B35CFBEB2094A87B009C3D6C /* Assets.xcassets */,
				B35CFBED2094A87B009C3D6C /* LaunchScreen.storyboard */,
				B35CFBF02094A87B009C3D6C /* Info.plist */,
			);
			path = Serenity3;
			sourceTree = "<group>";
		};
		B35CFC1B2094BEEC009C3D6C /* fonts */ = {
			isa = PBXGroup;
			children = (
				B35CFC1C2094BEFE009C3D6C /* avenirnext-bold.ttf */,
				B35CFC1D2094BEFE009C3D6C /* avenirnext-medium.ttf */,
			);
			path = fonts;
			sourceTree = "<group>";
		};
/* End PBXGroup section */

/* Begin PBXNativeTarget section */
		B35CFBE02094A87B009C3D6C /* Serenity3 */ = {
			isa = PBXNativeTarget;
			buildConfigurationList = B35CFBF32094A87B009C3D6C /* Build configuration list for PBXNativeTarget "Serenity3" */;
			buildPhases = (
				B35CFBDD2094A87B009C3D6C /* Sources */,
				B35CFBDE2094A87B009C3D6C /* Frameworks */,
				B35CFBDF2094A87B009C3D6C /* Resources */,
			);
			buildRules = (
			);
			dependencies = (
			);
			name = Serenity3;
			productName = Serenity3;
			productReference = B35CFBE12094A87B009C3D6C /* Serenity3.app */;
			productType = "com.apple.product-type.application";
		};
/* End PBXNativeTarget section */

/* Begin PBXProject section */
		B35CFBD92094A87B009C3D6C /* Project object */ = {
			isa = PBXProject;
			attributes = {
				LastSwiftUpdateCheck = 0920;
				LastUpgradeCheck = 0920;
				ORGANIZATIONNAME = "Jarne Thorrez";
				TargetAttributes = {
					B35CFBE02094A87B009C3D6C = {
						CreatedOnToolsVersion = 9.2;
						ProvisioningStyle = Automatic;
					};
				};
			};
			buildConfigurationList = B35CFBDC2094A87B009C3D6C /* Build configuration list for PBXProject "Serenity3" */;
			compatibilityVersion = "Xcode 8.0";
			developmentRegion = en;
			hasScannedForEncodings = 0;
			knownRegions = (
				en,
				Base,
			);
			mainGroup = B35CFBD82094A87B009C3D6C;
			productRefGroup = B35CFBE22094A87B009C3D6C /* Products */;
			projectDirPath = "";
			projectRoot = "";
			targets = (
				B35CFBE02094A87B009C3D6C /* Serenity3 */,
			);
		};
/* End PBXProject section */

/* Begin PBXResourcesBuildPhase section */
		B35CFBDF2094A87B009C3D6C /* Resources */ = {
			isa = PBXResourcesBuildPhase;
			buildActionMask = 2147483647;
			files = (
				B35CFBF72094A8B2009C3D6C /* cities.json in Resources */,
				B35CFBEF2094A87B009C3D6C /* LaunchScreen.storyboard in Resources */,
				B35CFC1E2094BEFE009C3D6C /* avenirnext-bold.ttf in Resources */,
				B35CFBEC2094A87B009C3D6C /* Assets.xcassets in Resources */,
				B35CFBEA2094A87B009C3D6C /* Main.storyboard in Resources */,
				B35CFC1F2094BEFE009C3D6C /* avenirnext-medium.ttf in Resources */,
			);
			runOnlyForDeploymentPostprocessing = 0;
		};
/* End PBXResourcesBuildPhase section */

/* Begin PBXSourcesBuildPhase section */
		B35CFBDD2094A87B009C3D6C /* Sources */ = {
			isa = PBXSourcesBuildPhase;
			buildActionMask = 2147483647;
			files = (
				B35CFBE72094A87B009C3D6C /* ViewController.swift in Sources */,
				B35CFBE52094A87B009C3D6C /* AppDelegate.swift in Sources */,
				B35CFC192094B339009C3D6C /* locationTableViewCell.swift in Sources */,
				B3A34E4E20A3389B000DB656 /* MapViewController.swift in Sources */,
				B35CFC212095FA10009C3D6C /* DetailViewController.swift in Sources */,
			);
			runOnlyForDeploymentPostprocessing = 0;
		};
/* End PBXSourcesBuildPhase section */

/* Begin PBXVariantGroup section */
		B35CFBE82094A87B009C3D6C /* Main.storyboard */ = {
			isa = PBXVariantGroup;
			children = (
				B35CFBE92094A87B009C3D6C /* Base */,
			);
			name = Main.storyboard;
			sourceTree = "<group>";
		};
		B35CFBED2094A87B009C3D6C /* LaunchScreen.storyboard */ = {
			isa = PBXVariantGroup;
			children = (
				B35CFBEE2094A87B009C3D6C /* Base */,
			);
			name = LaunchScreen.storyboard;
			sourceTree = "<group>";
		};
/* End PBXVariantGroup section */

/* Begin XCBuildConfiguration section */
		B35CFBF12094A87B009C3D6C /* Debug */ = {
			isa = XCBuildConfiguration;
			buildSettings = {
				ALWAYS_SEARCH_USER_PATHS = NO;
				CLANG_ANALYZER_NONNULL = YES;
				CLANG_ANALYZER_NUMBER_OBJECT_CONVERSION = YES_AGGRESSIVE;
				CLANG_CXX_LANGUAGE_STANDARD = "gnu++14";
				CLANG_CXX_LIBRARY = "libc++";
				CLANG_ENABLE_MODULES = YES;
				CLANG_ENABLE_OBJC_ARC = YES;
				CLANG_WARN_BLOCK_CAPTURE_AUTORELEASING = YES;
				CLANG_WARN_BOOL_CONVERSION = YES;
				CLANG_WARN_COMMA = YES;
				CLANG_WARN_CONSTANT_CONVERSION = YES;
				CLANG_WARN_DIRECT_OBJC_ISA_USAGE = YES_ERROR;
				CLANG_WARN_DOCUMENTATION_COMMENTS = YES;
				CLANG_WARN_EMPTY_BODY = YES;
				CLANG_WARN_ENUM_CONVERSION = YES;
				CLANG_WARN_INFINITE_RECURSION = YES;
				CLANG_WARN_INT_CONVERSION = YES;
				CLANG_WARN_NON_LITERAL_NULL_CONVERSION = YES;
				CLANG_WARN_OBJC_LITERAL_CONVERSION = YES;
				CLANG_WARN_OBJC_ROOT_CLASS = YES_ERROR;
				CLANG_WARN_RANGE_LOOP_ANALYSIS = YES;
				CLANG_WARN_STRICT_PROTOTYPES = YES;
				CLANG_WARN_SUSPICIOUS_MOVE = YES;
				CLANG_WARN_UNGUARDED_AVAILABILITY = YES_AGGRESSIVE;
				CLANG_WARN_UNREACHABLE_CODE = YES;
				CLANG_WARN__DUPLICATE_METHOD_MATCH = YES;
				CODE_SIGN_IDENTITY = "iPhone Developer";
				COPY_PHASE_STRIP = NO;
				DEBUG_INFORMATION_FORMAT = dwarf;
				ENABLE_STRICT_OBJC_MSGSEND = YES;
				ENABLE_TESTABILITY = YES;
				GCC_C_LANGUAGE_STANDARD = gnu11;
				GCC_DYNAMIC_NO_PIC = NO;
				GCC_NO_COMMON_BLOCKS = YES;
				GCC_OPTIMIZATION_LEVEL = 0;
				GCC_PREPROCESSOR_DEFINITIONS = (
					"DEBUG=1",
					"$(inherited)",
				);
				GCC_WARN_64_TO_32_BIT_CONVERSION = YES;
				GCC_WARN_ABOUT_RETURN_TYPE = YES_ERROR;
				GCC_WARN_UNDECLARED_SELECTOR = YES;
				GCC_WARN_UNINITIALIZED_AUTOS = YES_AGGRESSIVE;
				GCC_WARN_UNUSED_FUNCTION = YES;
				GCC_WARN_UNUSED_VARIABLE = YES;
				IPHONEOS_DEPLOYMENT_TARGET = 11.2;
				MTL_ENABLE_DEBUG_INFO = YES;
				ONLY_ACTIVE_ARCH = YES;
				SDKROOT = iphoneos;
				SWIFT_ACTIVE_COMPILATION_CONDITIONS = DEBUG;
				SWIFT_OPTIMIZATION_LEVEL = "-Onone";
			};
			name = Debug;
		};
		B35CFBF22094A87B009C3D6C /* Release */ = {
			isa = XCBuildConfiguration;
			buildSettings = {
				ALWAYS_SEARCH_USER_PATHS = NO;
				CLANG_ANALYZER_NONNULL = YES;
				CLANG_ANALYZER_NUMBER_OBJECT_CONVERSION = YES_AGGRESSIVE;
				CLANG_CXX_LANGUAGE_STANDARD = "gnu++14";
				CLANG_CXX_LIBRARY = "libc++";
				CLANG_ENABLE_MODULES = YES;
				CLANG_ENABLE_OBJC_ARC = YES;
				CLANG_WARN_BLOCK_CAPTURE_AUTORELEASING = YES;
				CLANG_WARN_BOOL_CONVERSION = YES;
				CLANG_WARN_COMMA = YES;
				CLANG_WARN_CONSTANT_CONVERSION = YES;
				CLANG_WARN_DIRECT_OBJC_ISA_USAGE = YES_ERROR;
				CLANG_WARN_DOCUMENTATION_COMMENTS = YES;
				CLANG_WARN_EMPTY_BODY = YES;
				CLANG_WARN_ENUM_CONVERSION = YES;
				CLANG_WARN_INFINITE_RECURSION = YES;
				CLANG_WARN_INT_CONVERSION = YES;
				CLANG_WARN_NON_LITERAL_NULL_CONVERSION = YES;
				CLANG_WARN_OBJC_LITERAL_CONVERSION = YES;
				CLANG_WARN_OBJC_ROOT_CLASS = YES_ERROR;
				CLANG_WARN_RANGE_LOOP_ANALYSIS = YES;
				CLANG_WARN_STRICT_PROTOTYPES = YES;
				CLANG_WARN_SUSPICIOUS_MOVE = YES;
				CLANG_WARN_UNGUARDED_AVAILABILITY = YES_AGGRESSIVE;
				CLANG_WARN_UNREACHABLE_CODE = YES;
				CLANG_WARN__DUPLICATE_METHOD_MATCH = YES;
				CODE_SIGN_IDENTITY = "iPhone Developer";
				COPY_PHASE_STRIP = NO;
				DEBUG_INFORMATION_FORMAT = "dwarf-with-dsym";
				ENABLE_NS_ASSERTIONS = NO;
				ENABLE_STRICT_OBJC_MSGSEND = YES;
				GCC_C_LANGUAGE_STANDARD = gnu11;
				GCC_NO_COMMON_BLOCKS = YES;
				GCC_WARN_64_TO_32_BIT_CONVERSION = YES;
				GCC_WARN_ABOUT_RETURN_TYPE = YES_ERROR;
				GCC_WARN_UNDECLARED_SELECTOR = YES;
				GCC_WARN_UNINITIALIZED_AUTOS = YES_AGGRESSIVE;
				GCC_WARN_UNUSED_FUNCTION = YES;
				GCC_WARN_UNUSED_VARIABLE = YES;
				IPHONEOS_DEPLOYMENT_TARGET = 11.2;
				MTL_ENABLE_DEBUG_INFO = NO;
				SDKROOT = iphoneos;
				SWIFT_OPTIMIZATION_LEVEL = "-Owholemodule";
				VALIDATE_PRODUCT = YES;
			};
			name = Release;
		};
		B35CFBF42094A87B009C3D6C /* Debug */ = {
			isa = XCBuildConfiguration;
			buildSettings = {
				ASSETCATALOG_COMPILER_APPICON_NAME = AppIcon;
				CODE_SIGN_STYLE = Automatic;
				INFOPLIST_FILE = Serenity3/Info.plist;
				LD_RUNPATH_SEARCH_PATHS = "$(inherited) @executable_path/Frameworks";
				PRODUCT_BUNDLE_IDENTIFIER = JARNETHORREZ.Serenity3;
				PRODUCT_NAME = "$(TARGET_NAME)";
				SWIFT_VERSION = 4.0;
				TARGETED_DEVICE_FAMILY = "1,2";
			};
			name = Debug;
		};
		B35CFBF52094A87B009C3D6C /* Release */ = {
			isa = XCBuildConfiguration;
			buildSettings = {
				ASSETCATALOG_COMPILER_APPICON_NAME = AppIcon;
				CODE_SIGN_STYLE = Automatic;
				INFOPLIST_FILE = Serenity3/Info.plist;
				LD_RUNPATH_SEARCH_PATHS = "$(inherited) @executable_path/Frameworks";
				PRODUCT_BUNDLE_IDENTIFIER = JARNETHORREZ.Serenity3;
				PRODUCT_NAME = "$(TARGET_NAME)";
				SWIFT_VERSION = 4.0;
				TARGETED_DEVICE_FAMILY = "1,2";
			};
			name = Release;
		};
/* End XCBuildConfiguration section */

/* Begin XCConfigurationList section */
		B35CFBDC2094A87B009C3D6C /* Build configuration list for PBXProject "Serenity3" */ = {
			isa = XCConfigurationList;
			buildConfigurations = (
				B35CFBF12094A87B009C3D6C /* Debug */,
				B35CFBF22094A87B009C3D6C /* Release */,
			);
			defaultConfigurationIsVisible = 0;
			defaultConfigurationName = Release;
		};
		B35CFBF32094A87B009C3D6C /* Build configuration list for PBXNativeTarget "Serenity3" */ = {
			isa = XCConfigurationList;
			buildConfigurations = (
				B35CFBF42094A87B009C3D6C /* Debug */,
				B35CFBF52094A87B009C3D6C /* Release */,
			);
			defaultConfigurationIsVisible = 0;
			defaultConfigurationName = Release;
		};
/* End XCConfigurationList section */
	};
	rootObject = B35CFBD92094A87B009C3D6C /* Project object */;
}
